
Microsoft Visual Studio Solution File, Format Version 12.00
# Visual Studio Version 17
VisualStudioVersion = 17.11.35219.272
MinimumVisualStudioVersion = 10.0.40219.1
Project("{9A19103F-16F7-4668-BE54-9A1E7A4F7556}") = "MarketplaceApi", "MarketplaceApi\MarketplaceApi.csproj", "{14BD7F69-A7AB-462A-A52C-083BA5D5AE00}"
EndProject
Project("{9A19103F-16F7-4668-BE54-9A1E7A4F7556}") = "BusinessLogic", "BusinessLogic\BusinessLogic.csproj", "{3D23CFF9-3EED-421B-A45F-760E20630D13}"
EndProject
Project("{9A19103F-16F7-4668-BE54-9A1E7A4F7556}") = "DataAccess", "DataAccess\DataAccess.csproj", "{524E24C9-80C1-4A2F-8BA7-3EF58426EBDD}"
EndProject
Project("{9A19103F-16F7-4668-BE54-9A1E7A4F7556}") = "Domain", "Domain\Domain.csproj", "{73FDBB00-9859-4041-9128-B77D46CFB72E}"
EndProject
Project("{2150E333-8FDC-42A3-9474-1A3956D46DE8}") = "Элементы решения", "Элементы решения", "{95A514C1-B733-4A86-A3E0-FBB0B444B6D1}"
	ProjectSection(SolutionItems) = preProject
		.editorconfig = .editorconfig
	EndProjectSection
EndProject
Project("{9A19103F-16F7-4668-BE54-9A1E7A4F7556}") = "BusinessLogic.Tests", "BusinessLogic.Tests\BusinessLogic.Tests.csproj", "{7DDEBD2E-E4FC-4BF8-86AE-9F24CD164B32}"
EndProject
Project("{2150E333-8FDC-42A3-9474-1A3956D46DE8}") = "src", "src", "{E0433C67-F104-4954-B5ED-96CF04563207}"
EndProject
Project("{2150E333-8FDC-42A3-9474-1A3956D46DE8}") = "test", "test", "{A23C5C7E-D1E4-4150-BB6D-EE11314FF20B}"
EndProject
Project("{9A19103F-16F7-4668-BE54-9A1E7A4F7556}") = "BlazorClient", "BlazorClient\BlazorClient.csproj", "{03702C05-DA5A-45E7-9C83-F9F8C86CD71E}"
EndProject
Global
	GlobalSection(SolutionConfigurationPlatforms) = preSolution
		Debug|Any CPU = Debug|Any CPU
		Release|Any CPU = Release|Any CPU
	EndGlobalSection
	GlobalSection(ProjectConfigurationPlatforms) = postSolution
		{14BD7F69-A7AB-462A-A52C-083BA5D5AE00}.Debug|Any CPU.ActiveCfg = Debug|Any CPU
		{14BD7F69-A7AB-462A-A52C-083BA5D5AE00}.Debug|Any CPU.Build.0 = Debug|Any CPU
		{14BD7F69-A7AB-462A-A52C-083BA5D5AE00}.Release|Any CPU.ActiveCfg = Release|Any CPU
		{14BD7F69-A7AB-462A-A52C-083BA5D5AE00}.Release|Any CPU.Build.0 = Release|Any CPU
		{3D23CFF9-3EED-421B-A45F-760E20630D13}.Debug|Any CPU.ActiveCfg = Debug|Any CPU
		{3D23CFF9-3EED-421B-A45F-760E20630D13}.Debug|Any CPU.Build.0 = Debug|Any CPU
		{3D23CFF9-3EED-421B-A45F-760E20630D13}.Release|Any CPU.ActiveCfg = Release|Any CPU
		{3D23CFF9-3EED-421B-A45F-760E20630D13}.Release|Any CPU.Build.0 = Release|Any CPU
		{524E24C9-80C1-4A2F-8BA7-3EF58426EBDD}.Debug|Any CPU.ActiveCfg = Debug|Any CPU
		{524E24C9-80C1-4A2F-8BA7-3EF58426EBDD}.Debug|Any CPU.Build.0 = Debug|Any CPU
		{524E24C9-80C1-4A2F-8BA7-3EF58426EBDD}.Release|Any CPU.ActiveCfg = Release|Any CPU
		{524E24C9-80C1-4A2F-8BA7-3EF58426EBDD}.Release|Any CPU.Build.0 = Release|Any CPU
		{73FDBB00-9859-4041-9128-B77D46CFB72E}.Debug|Any CPU.ActiveCfg = Debug|Any CPU
		{73FDBB00-9859-4041-9128-B77D46CFB72E}.Debug|Any CPU.Build.0 = Debug|Any CPU
		{73FDBB00-9859-4041-9128-B77D46CFB72E}.Release|Any CPU.ActiveCfg = Release|Any CPU
		{73FDBB00-9859-4041-9128-B77D46CFB72E}.Release|Any CPU.Build.0 = Release|Any CPU
		{7DDEBD2E-E4FC-4BF8-86AE-9F24CD164B32}.Debug|Any CPU.ActiveCfg = Debug|Any CPU
		{7DDEBD2E-E4FC-4BF8-86AE-9F24CD164B32}.Debug|Any CPU.Build.0 = Debug|Any CPU
		{7DDEBD2E-E4FC-4BF8-86AE-9F24CD164B32}.Release|Any CPU.ActiveCfg = Release|Any CPU
		{7DDEBD2E-E4FC-4BF8-86AE-9F24CD164B32}.Release|Any CPU.Build.0 = Release|Any CPU
		{03702C05-DA5A-45E7-9C83-F9F8C86CD71E}.Debug|Any CPU.ActiveCfg = Debug|Any CPU
		{03702C05-DA5A-45E7-9C83-F9F8C86CD71E}.Debug|Any CPU.Build.0 = Debug|Any CPU
		{03702C05-DA5A-45E7-9C83-F9F8C86CD71E}.Release|Any CPU.ActiveCfg = Release|Any CPU
		{03702C05-DA5A-45E7-9C83-F9F8C86CD71E}.Release|Any CPU.Build.0 = Release|Any CPU
	EndGlobalSection
	GlobalSection(SolutionProperties) = preSolution
		HideSolutionNode = FALSE
	EndGlobalSection
	GlobalSection(NestedProjects) = preSolution
		{14BD7F69-A7AB-462A-A52C-083BA5D5AE00} = {E0433C67-F104-4954-B5ED-96CF04563207}
		{3D23CFF9-3EED-421B-A45F-760E20630D13} = {E0433C67-F104-4954-B5ED-96CF04563207}
		{524E24C9-80C1-4A2F-8BA7-3EF58426EBDD} = {E0433C67-F104-4954-B5ED-96CF04563207}
		{73FDBB00-9859-4041-9128-B77D46CFB72E} = {E0433C67-F104-4954-B5ED-96CF04563207}
		{7DDEBD2E-E4FC-4BF8-86AE-9F24CD164B32} = {A23C5C7E-D1E4-4150-BB6D-EE11314FF20B}
		{03702C05-DA5A-45E7-9C83-F9F8C86CD71E} = {E0433C67-F104-4954-B5ED-96CF04563207}
	EndGlobalSection
	GlobalSection(ExtensibilityGlobals) = postSolution
		SolutionGuid = {BF8CE0CA-08CD-417D-80B2-F0BA6FB45F6E}
	EndGlobalSection
EndGlobal
